
Microsoft Visual Studio Solution File, Format Version 12.00
# Visual Studio 15
VisualStudioVersion = 15.0.28307.489
MinimumVisualStudioVersion = 10.0.40219.1
Project("{FAE04EC0-301F-11D3-BF4B-00C04F79EFBC}") = "InquiryAPI", "InquiryAPI\InquiryAPI.csproj", "{E8935D56-284A-4750-A392-BC11061D4447}"
EndProject
Global
	GlobalSection(SolutionConfigurationPlatforms) = preSolution
		Debug|Any CPU = Debug|Any CPU
		Release|Any CPU = Release|Any CPU
	EndGlobalSection
	GlobalSection(ProjectConfigurationPlatforms) = postSolution
		{E8935D56-284A-4750-A392-BC11061D4447}.Debug|Any CPU.ActiveCfg = Debug|Any CPU
		{E8935D56-284A-4750-A392-BC11061D4447}.Debug|Any CPU.Build.0 = Debug|Any CPU
		{E8935D56-284A-4750-A392-BC11061D4447}.Release|Any CPU.ActiveCfg = Release|Any CPU
		{E8935D56-284A-4750-A392-BC11061D4447}.Release|Any CPU.Build.0 = Release|Any CPU
	EndGlobalSection
	GlobalSection(SolutionProperties) = preSolution
		HideSolutionNode = FALSE
	EndGlobalSection
	GlobalSection(ExtensibilityGlobals) = postSolution
		SolutionGuid = {09E96D4E-AB49-4693-BAC9-A33AE5429A70}
	EndGlobalSection
EndGlobal
